# This file is automatically @generated by Cargo.
# It is not intended for manual editing.
version = 3

[[package]]
name = "aho-corasick"
version = "1.1.3"
source = "registry+https://github.com/rust-lang/crates.io-index"
checksum = "8e60d3430d3a69478ad0993f19238d2df97c507009a52b3c10addcd7f6bcb916"
dependencies = [
 "memchr",
]

[[package]]
name = "autocfg"
version = "1.4.0"
source = "registry+https://github.com/rust-lang/crates.io-index"
checksum = "ace50bade8e6234aa140d9a2f552bbee1db4d353f69b8217bc503490fc1a9f26"

[[package]]
name = "bitflags"
version = "1.3.2"
source = "registry+https://github.com/rust-lang/crates.io-index"
checksum = "bef38d45163c2f1dde094a7dfd33ccf595c92905c8f8f4fdc18d06fb1037718a"

[[package]]
name = "bitflags"
version = "2.6.0"
source = "registry+https://github.com/rust-lang/crates.io-index"
checksum = "b048fb63fd8b5923fc5aa7b340d8e156aec7ec02f0c78fa8a6ddc2613f6f71de"

[[package]]
name = "cfg-if"
version = "1.0.0"
source = "registry+https://github.com/rust-lang/crates.io-index"
checksum = "baf1de4339761588bc0619e3cbc0120ee582ebb74b53b4efbf79117bd2da40fd"

[[package]]
name = "cfg_aliases"
version = "0.2.1"
source = "registry+https://github.com/rust-lang/crates.io-index"
checksum = "613afe47fcd5fac7ccf1db93babcb082c5994d996f20b8b159f2ad1658eb5724"

[[package]]
name = "comma"
version = "1.0.0"
source = "registry+https://github.com/rust-lang/crates.io-index"
checksum = "55b672471b4e9f9e95499ea597ff64941a309b2cdbffcc46f2cc5e2d971fd335"

[[package]]
name = "env_home"
version = "0.1.0"
source = "registry+https://github.com/rust-lang/crates.io-index"
checksum = "c7f84e12ccf0a7ddc17a6c41c93326024c42920d7ee630d04950e6926645c0fe"

[[package]]
name = "errno"
version = "0.3.13"
source = "registry+https://github.com/rust-lang/crates.io-index"
checksum = "778e2ac28f6c47af28e4907f13ffd1e1ddbd400980a9abd7c8df189bf578a5ad"
dependencies = [
 "libc",
 "windows-sys 0.52.0",
]

[[package]]
name = "fastrand"
version = "1.9.0"
source = "registry+https://github.com/rust-lang/crates.io-index"
checksum = "e51093e27b0797c359783294ca4f0a911c270184cb10f85783b118614a1501be"
dependencies = [
 "instant",
]

[[package]]
name = "hermit-abi"
version = "0.3.9"
source = "registry+https://github.com/rust-lang/crates.io-index"
checksum = "d231dfb89cfffdbc30e7fc41579ed6066ad03abda9e567ccafae602b97ec5024"

[[package]]
name = "instant"
version = "0.1.13"
source = "registry+https://github.com/rust-lang/crates.io-index"
checksum = "e0242819d153cba4b4b05a5a8f2a7e9bbf97b6055b2a002b395c96b5ff3c0222"
dependencies = [
 "cfg-if",
]

[[package]]
name = "io-lifetimes"
version = "1.0.11"
source = "registry+https://github.com/rust-lang/crates.io-index"
checksum = "eae7b9aee968036d54dce06cebaefd919e4472e753296daccd6d344e3e2df0c2"
dependencies = [
 "hermit-abi",
 "libc",
 "windows-sys 0.48.0",
]

[[package]]
name = "libc"
version = "0.2.172"
source = "registry+https://github.com/rust-lang/crates.io-index"
checksum = "d750af042f7ef4f724306de029d18836c26c1765a54a6a3f094cbd23a7267ffa"

[[package]]
name = "linux-raw-sys"
version = "0.3.8"
source = "registry+https://github.com/rust-lang/crates.io-index"
checksum = "ef53942eb7bf7ff43a617b3e2c1c4a5ecf5944a7c1bc12d7ee39bbb15e5c1519"

[[package]]
name = "linux-raw-sys"
version = "0.9.4"
source = "registry+https://github.com/rust-lang/crates.io-index"
checksum = "cd945864f07fe9f5371a27ad7b52a172b4b499999f1d97574c9fa68373937e12"

[[package]]
name = "memchr"
version = "2.6.2"
source = "registry+https://github.com/rust-lang/crates.io-index"
checksum = "5486aed0026218e61b8a01d5fbd5a0a134649abb71a0e53b7bc088529dced86e"

[[package]]
name = "nix"
version = "0.30.0"
source = "registry+https://github.com/rust-lang/crates.io-index"
checksum = "537bc3c4a347b87fd52ac6c03a02ab1302962cfd93373c5d7a112cdc337854cc"
dependencies = [
 "bitflags 2.6.0",
 "cfg-if",
 "cfg_aliases",
 "libc",
]

[[package]]
name = "proc-macro2"
version = "1.0.92"
source = "registry+https://github.com/rust-lang/crates.io-index"
checksum = "37d3544b3f2748c54e147655edb5025752e2303145b5aefb3c3ea2c78b973bb0"
dependencies = [
 "unicode-ident",
]

[[package]]
name = "quote"
version = "1.0.37"
source = "registry+https://github.com/rust-lang/crates.io-index"
checksum = "b5b9d34b8991d19d98081b46eacdd8eb58c6f2b201139f7c5f643cc155a633af"
dependencies = [
 "proc-macro2",
]

[[package]]
name = "redox_syscall"
version = "0.3.5"
source = "registry+https://github.com/rust-lang/crates.io-index"
checksum = "567664f262709473930a4bf9e51bf2ebf3348f2e748ccc50dea20646858f8f29"
dependencies = [
 "bitflags 1.3.2",
]

[[package]]
name = "regex"
version = "1.9.6"
source = "registry+https://github.com/rust-lang/crates.io-index"
checksum = "ebee201405406dbf528b8b672104ae6d6d63e6d118cb10e4d51abbc7b58044ff"
dependencies = [
 "aho-corasick",
 "memchr",
 "regex-automata",
 "regex-syntax",
]

[[package]]
name = "regex-automata"
version = "0.3.9"
source = "registry+https://github.com/rust-lang/crates.io-index"
checksum = "59b23e92ee4318893fa3fe3e6fb365258efbfe6ac6ab30f090cdcbb7aa37efa9"
dependencies = [
 "aho-corasick",
 "memchr",
 "regex-syntax",
]

[[package]]
name = "regex-syntax"
version = "0.7.5"
source = "registry+https://github.com/rust-lang/crates.io-index"
checksum = "dbb5fb1acd8a1a18b3dd5be62d25485eb770e05afb408a9627d14d451bae12da"

[[package]]
name = "rexpect"
version = "0.6.2"
dependencies = [
 "comma",
 "nix",
 "regex",
 "tempfile",
 "thiserror",
 "which",
]

[[package]]
name = "rustix"
version = "0.37.27"
source = "registry+https://github.com/rust-lang/crates.io-index"
checksum = "fea8ca367a3a01fe35e6943c400addf443c0f57670e6ec51196f71a4b8762dd2"
dependencies = [
 "bitflags 1.3.2",
 "errno",
 "io-lifetimes",
 "libc",
 "linux-raw-sys 0.3.8",
 "windows-sys 0.48.0",
]

[[package]]
name = "rustix"
version = "1.0.7"
source = "registry+https://github.com/rust-lang/crates.io-index"
checksum = "c71e83d6afe7ff64890ec6b71d6a69bb8a610ab78ce364b3352876bb4c801266"
dependencies = [
 "bitflags 2.6.0",
 "errno",
 "libc",
 "linux-raw-sys 0.9.4",
 "windows-sys 0.52.0",
]

[[package]]
name = "syn"
version = "2.0.90"
source = "registry+https://github.com/rust-lang/crates.io-index"
checksum = "919d3b74a5dd0ccd15aeb8f93e7006bd9e14c295087c9896a110f490752bcf31"
dependencies = [
 "proc-macro2",
 "quote",
 "unicode-ident",
]

[[package]]
name = "tempfile"
version = "3.6.0"
source = "registry+https://github.com/rust-lang/crates.io-index"
checksum = "31c0432476357e58790aaa47a8efb0c5138f137343f3b5f23bd36a27e3b0a6d6"
dependencies = [
 "autocfg",
 "cfg-if",
 "fastrand",
 "redox_syscall",
 "rustix 0.37.27",
 "windows-sys 0.48.0",
]

[[package]]
name = "thiserror"
version = "2.0.3"
source = "registry+https://github.com/rust-lang/crates.io-index"
checksum = "c006c85c7651b3cf2ada4584faa36773bd07bac24acfb39f3c431b36d7e667aa"
dependencies = [
 "thiserror-impl",
]

[[package]]
name = "thiserror-impl"
version = "2.0.3"
source = "registry+https://github.com/rust-lang/crates.io-index"
checksum = "f077553d607adc1caf65430528a576c757a71ed73944b66ebb58ef2bbd243568"
dependencies = [
 "proc-macro2",
 "quote",
 "syn",
]

[[package]]
name = "unicode-ident"
version = "1.0.13"
source = "registry+https://github.com/rust-lang/crates.io-index"
checksum = "e91b56cd4cadaeb79bbf1a5645f6b4f8dc5bde8834ad5894a8db35fda9efa1fe"

[[package]]
name = "which"
version = "8.0.0"
source = "registry+https://github.com/rust-lang/crates.io-index"
checksum = "d3fabb953106c3c8eea8306e4393700d7657561cb43122571b172bbfb7c7ba1d"
dependencies = [
 "env_home",
 "rustix 1.0.7",
 "winsafe",
]

[[package]]
name = "windows-sys"
version = "0.48.0"
source = "registry+https://github.com/rust-lang/crates.io-index"
checksum = "677d2418bec65e3338edb076e806bc1ec15693c5d0104683f2efe857f61056a9"
dependencies = [
 "windows-targets 0.48.5",
]

[[package]]
name = "windows-sys"
version = "0.52.0"
source = "registry+https://github.com/rust-lang/crates.io-index"
checksum = "282be5f36a8ce781fad8c8ae18fa3f9beff57ec1b52cb3de0789201425d9a33d"
dependencies = [
 "windows-targets 0.52.6",
]

[[package]]
name = "windows-targets"
version = "0.48.5"
source = "registry+https://github.com/rust-lang/crates.io-index"
checksum = "9a2fa6e2155d7247be68c096456083145c183cbbbc2764150dda45a87197940c"
dependencies = [
 "windows_aarch64_gnullvm 0.48.5",
 "windows_aarch64_msvc 0.48.5",
 "windows_i686_gnu 0.48.5",
 "windows_i686_msvc 0.48.5",
 "windows_x86_64_gnu 0.48.5",
 "windows_x86_64_gnullvm 0.48.5",
 "windows_x86_64_msvc 0.48.5",
]

[[package]]
name = "windows-targets"
version = "0.52.6"
source = "registry+https://github.com/rust-lang/crates.io-index"
checksum = "9b724f72796e036ab90c1021d4780d4d3d648aca59e491e6b98e725b84e99973"
dependencies = [
 "windows_aarch64_gnullvm 0.52.6",
 "windows_aarch64_msvc 0.52.6",
 "windows_i686_gnu 0.52.6",
 "windows_i686_gnullvm",
 "windows_i686_msvc 0.52.6",
 "windows_x86_64_gnu 0.52.6",
 "windows_x86_64_gnullvm 0.52.6",
 "windows_x86_64_msvc 0.52.6",
]

[[package]]
name = "windows_aarch64_gnullvm"
version = "0.48.5"
source = "registry+https://github.com/rust-lang/crates.io-index"
checksum = "2b38e32f0abccf9987a4e3079dfb67dcd799fb61361e53e2882c3cbaf0d905d8"

[[package]]
name = "windows_aarch64_gnullvm"
version = "0.52.6"
source = "registry+https://github.com/rust-lang/crates.io-index"
checksum = "32a4622180e7a0ec044bb555404c800bc9fd9ec262ec147edd5989ccd0c02cd3"

[[package]]
name = "windows_aarch64_msvc"
version = "0.48.5"
source = "registry+https://github.com/rust-lang/crates.io-index"
checksum = "dc35310971f3b2dbbf3f0690a219f40e2d9afcf64f9ab7cc1be722937c26b4bc"

[[package]]
name = "windows_aarch64_msvc"
version = "0.52.6"
source = "registry+https://github.com/rust-lang/crates.io-index"
checksum = "09ec2a7bb152e2252b53fa7803150007879548bc709c039df7627cabbd05d469"

[[package]]
name = "windows_i686_gnu"
version = "0.48.5"
source = "registry+https://github.com/rust-lang/crates.io-index"
checksum = "a75915e7def60c94dcef72200b9a8e58e5091744960da64ec734a6c6e9b3743e"

[[package]]
name = "windows_i686_gnu"
version = "0.52.6"
source = "registry+https://github.com/rust-lang/crates.io-index"
checksum = "8e9b5ad5ab802e97eb8e295ac6720e509ee4c243f69d781394014ebfe8bbfa0b"

[[package]]
name = "windows_i686_gnullvm"
version = "0.52.6"
source = "registry+https://github.com/rust-lang/crates.io-index"
checksum = "0eee52d38c090b3caa76c563b86c3a4bd71ef1a819287c19d586d7334ae8ed66"

[[package]]
name = "windows_i686_msvc"
version = "0.48.5"
source = "registry+https://github.com/rust-lang/crates.io-index"
checksum = "8f55c233f70c4b27f66c523580f78f1004e8b5a8b659e05a4eb49d4166cca406"

[[package]]
name = "windows_i686_msvc"
version = "0.52.6"
source = "registry+https://github.com/rust-lang/crates.io-index"
checksum = "240948bc05c5e7c6dabba28bf89d89ffce3e303022809e73deaefe4f6ec56c66"

[[package]]
name = "windows_x86_64_gnu"
version = "0.48.5"
source = "registry+https://github.com/rust-lang/crates.io-index"
checksum = "53d40abd2583d23e4718fddf1ebec84dbff8381c07cae67ff7768bbf19c6718e"

[[package]]
name = "windows_x86_64_gnu"
version = "0.52.6"
source = "registry+https://github.com/rust-lang/crates.io-index"
checksum = "147a5c80aabfbf0c7d901cb5895d1de30ef2907eb21fbbab29ca94c5b08b1a78"

[[package]]
name = "windows_x86_64_gnullvm"
version = "0.48.5"
source = "registry+https://github.com/rust-lang/crates.io-index"
checksum = "0b7b52767868a23d5bab768e390dc5f5c55825b6d30b86c844ff2dc7414044cc"

[[package]]
name = "windows_x86_64_gnullvm"
version = "0.52.6"
source = "registry+https://github.com/rust-lang/crates.io-index"
checksum = "24d5b23dc417412679681396f2b49f3de8c1473deb516bd34410872eff51ed0d"

[[package]]
name = "windows_x86_64_msvc"
version = "0.48.5"
source = "registry+https://github.com/rust-lang/crates.io-index"
checksum = "ed94fce61571a4006852b7389a063ab983c02eb1bb37b47f8272ce92d06d9538"

[[package]]
name = "windows_x86_64_msvc"
version = "0.52.6"
source = "registry+https://github.com/rust-lang/crates.io-index"
checksum = "589f6da84c646204747d1270a2a5661ea66ed1cced2631d546fdfb155959f9ec"

[[package]]
name = "winsafe"
version = "0.0.19"
source = "registry+https://github.com/rust-lang/crates.io-index"
checksum = "d135d17ab770252ad95e9a872d365cf3090e3be864a34ab46f48555993efc904"
